# This file is automatically @generated by Cargo.
# It is not intended for manual editing.
version = 4

[[package]]
name = "aho-corasick"
version = "1.1.4"
source = "registry+https://github.com/rust-lang/crates.io-index"
checksum = "ddd31a130427c27518df266943a5308ed92d4b226cc639f5a8f1002816174301"
dependencies = [
 "memchr",
]

[[package]]
name = "gdextension-api"
version = "0.3.3"
source = "registry+https://github.com/rust-lang/crates.io-index"
checksum = "5383f33a2772746bbc83e5b0480862dd1eedfd0518b976f37f3db11c81e71a6a"

[[package]]
name = "glam"
version = "0.30.10"
source = "registry+https://github.com/rust-lang/crates.io-index"
checksum = "19fc433e8437a212d1b6f1e68c7824af3aed907da60afa994e7f542d18d12aa9"

[[package]]
name = "godot"
version = "0.4.5"
source = "registry+https://github.com/rust-lang/crates.io-index"
checksum = "5599d03afd17a511e11d0bf9e06c88d4095a9120f10cf00a74f50b300f53413e"
dependencies = [
 "godot-core",
 "godot-macros",
]

[[package]]
name = "godot-bindings"
version = "0.4.5"
source = "registry+https://github.com/rust-lang/crates.io-index"
checksum = "f38b6e65306c05e3c3f0131ee8dbf7394691e53268d72019007ec20687f2280f"
dependencies = [
 "gdextension-api",
]

[[package]]
name = "godot-cell"
version = "0.4.5"
source = "registry+https://github.com/rust-lang/crates.io-index"
checksum = "738efef92fdcf1d92f0ed5a29c6f3cdce58e64029d08928c20e08771e1239c16"

[[package]]
name = "godot-codegen"
version = "0.4.5"
source = "registry+https://github.com/rust-lang/crates.io-index"
checksum = "00b9a59f603f354c54d83fb74071209203d0ebe396b2419acc731c90ebf94680"
dependencies = [
 "godot-bindings",
 "heck",
 "nanoserde",
 "proc-macro2",
 "quote",
 "regex",
]

[[package]]
name = "godot-core"
version = "0.4.5"
source = "registry+https://github.com/rust-lang/crates.io-index"
checksum = "989e80dfb58d2048ae0dca60bec32129dc1f96510f904b992ad170d84e950c33"
dependencies = [
 "glam",
 "godot-bindings",
 "godot-cell",
 "godot-codegen",
 "godot-ffi",
]

[[package]]
name = "godot-ffi"
version = "0.4.5"
source = "registry+https://github.com/rust-lang/crates.io-index"
checksum = "6237b26c52c5baa6566705a73cd8804ea4ef83a666540939dd5a4e068c242666"
dependencies = [
 "godot-bindings",
 "godot-codegen",
 "godot-macros",
 "libc",
]

[[package]]
name = "godot-macros"
version = "0.4.5"
source = "registry+https://github.com/rust-lang/crates.io-index"
checksum = "d696b67ba99ff7d75e07546b04c3a711651d2c9e5851c9225dea3b64f8bb5af6"
dependencies = [
 "godot-bindings",
 "proc-macro2",
 "quote",
 "venial",
]

[[package]]
name = "heck"
version = "0.5.0"
source = "registry+https://github.com/rust-lang/crates.io-index"
checksum = "2304e00983f87ffb38b55b444b5e3b60a884b5d30c0fca7d82fe33449bbe55ea"

[[package]]
name = "libc"
version = "0.2.182"
source = "registry+https://github.com/rust-lang/crates.io-index"
checksum = "6800badb6cb2082ffd7b6a67e6125bb39f18782f793520caee8cb8846be06112"

[[package]]
name = "memchr"
version = "2.8.0"
source = "registry+https://github.com/rust-lang/crates.io-index"
checksum = "f8ca58f447f06ed17d5fc4043ce1b10dd205e060fb3ce5b979b8ed8e59ff3f79"

[[package]]
name = "nanoserde"
version = "0.2.1"
source = "registry+https://github.com/rust-lang/crates.io-index"
checksum = "a36fb3a748a4c9736ed7aeb5f2dfc99665247f1ce306abbddb2bf0ba2ac530a4"
dependencies = [
 "nanoserde-derive",
]

[[package]]
name = "nanoserde-derive"
version = "0.2.1"
source = "registry+https://github.com/rust-lang/crates.io-index"
checksum = "a846cbc04412cf509efcd8f3694b114fc700a035fb5a37f21517f9fb019f1ebc"

[[package]]
name = "proc-macro2"
version = "1.0.106"
source = "registry+https://github.com/rust-lang/crates.io-index"
checksum = "8fd00f0bb2e90d81d1044c2b32617f68fcb9fa3bb7640c23e9c748e53fb30934"
dependencies = [
 "unicode-ident",
]

[[package]]
name = "quote"
version = "1.0.44"
source = "registry+https://github.com/rust-lang/crates.io-index"
checksum = "21b2ebcf727b7760c461f091f9f0f539b77b8e87f2fd88131e7f1b433b3cece4"
dependencies = [
 "proc-macro2",
]

[[package]]
name = "regex"
version = "1.12.3"
source = "registry+https://github.com/rust-lang/crates.io-index"
checksum = "e10754a14b9137dd7b1e3e5b0493cc9171fdd105e0ab477f51b72e7f3ac0e276"
dependencies = [
 "aho-corasick",
 "memchr",
 "regex-automata",
 "regex-syntax",
]

[[package]]
name = "regex-automata"
version = "0.4.14"
source = "registry+https://github.com/rust-lang/crates.io-index"
checksum = "6e1dd4122fc1595e8162618945476892eefca7b88c52820e74af6262213cae8f"
dependencies = [
 "aho-corasick",
 "memchr",
 "regex-syntax",
]

[[package]]
name = "regex-syntax"
version = "0.8.10"
source = "registry+https://github.com/rust-lang/crates.io-index"
checksum = "dc897dd8d9e8bd1ed8cdad82b5966c3e0ecae09fb1907d58efaa013543185d0a"

[[package]]
name = "reversi-engine"
version = "0.1.0"

[[package]]
name = "reversi-godot"
version = "0.1.0"
dependencies = [
 "godot",
 "reversi-engine",
]

[[package]]
name = "unicode-ident"
version = "1.0.24"
source = "registry+https://github.com/rust-lang/crates.io-index"
checksum = "e6e4313cd5fcd3dad5cafa179702e2b244f760991f45397d14d4ebf38247da75"

[[package]]
name = "venial"
version = "0.6.1"
source = "registry+https://github.com/rust-lang/crates.io-index"
checksum = "9a42528baceab6c7784446df2a10f4185078c39bf73dc614f154353f1a6b1229"
dependencies = [
 "proc-macro2",
 "quote",
]
